
Microsoft Visual Studio Solution File, Format Version 12.00
# Visual Studio Version 16
VisualStudioVersion = 16.0.34407.143
MinimumVisualStudioVersion = 10.0.40219.1
Project("{FAE04EC0-301F-11D3-BF4B-00C04F79EFBC}") = "EngineWindowsApplication1", "EngineWindowsApplication1.csproj", "{97348428-C1F7-4DE8-8FF9-C9EE7BB75A63}"
EndProject
Global
	GlobalSection(SolutionConfigurationPlatforms) = preSolution
		Debug|x86 = Debug|x86
		Release|x86 = Release|x86
	EndGlobalSection
	GlobalSection(ProjectConfigurationPlatforms) = postSolution
		{97348428-C1F7-4DE8-8FF9-C9EE7BB75A63}.Debug|x86.ActiveCfg = Debug|x86
		{97348428-C1F7-4DE8-8FF9-C9EE7BB75A63}.Debug|x86.Build.0 = Debug|x86
		{97348428-C1F7-4DE8-8FF9-C9EE7BB75A63}.Release|x86.ActiveCfg = Release|x86
		{97348428-C1F7-4DE8-8FF9-C9EE7BB75A63}.Release|x86.Build.0 = Release|x86
	EndGlobalSection
	GlobalSection(SolutionProperties) = preSolution
		HideSolutionNode = FALSE
	EndGlobalSection
	GlobalSection(ExtensibilityGlobals) = postSolution
		SolutionGuid = {432EB76E-05A4-4EF6-8CB6-34D4DD5B55DD}
	EndGlobalSection
EndGlobal
